
Microsoft Visual Studio Solution File, Format Version 12.00
# Visual Studio 2017
Project("{FAE04EC0-301F-11D3-BF4B-00C04F79EFBC}") = "Spatial Orientation Test", "Spatial Orientation Test.csproj", "{DDE140F2-E912-55BB-8825-44ABAB306D80}"
EndProject
Global
	GlobalSection(SolutionConfigurationPlatforms) = preSolution
		Debug|Any CPU = Debug|Any CPU
		Release|Any CPU = Release|Any CPU
	EndGlobalSection
	GlobalSection(ProjectConfigurationPlatforms) = postSolution
		{DDE140F2-E912-55BB-8825-44ABAB306D80}.Debug|Any CPU.ActiveCfg = Debug|Any CPU
		{DDE140F2-E912-55BB-8825-44ABAB306D80}.Debug|Any CPU.Build.0 = Debug|Any CPU
		{DDE140F2-E912-55BB-8825-44ABAB306D80}.Release|Any CPU.ActiveCfg = Release|Any CPU
		{DDE140F2-E912-55BB-8825-44ABAB306D80}.Release|Any CPU.Build.0 = Release|Any CPU
	EndGlobalSection
	GlobalSection(SolutionProperties) = preSolution
		HideSolutionNode = FALSE
	EndGlobalSection
EndGlobal
